// !$*UTF8*$!
{
	archiveVersion = 1;
	classes = {
	};
	objectVersion = 50;
	objects = {

/* Begin PBXBuildFile section */
		4854C6992461648100F1F612 /* AppDelegate.swift in Sources */ = {isa = PBXBuildFile; fileRef = 4854C6982461648100F1F612 /* AppDelegate.swift */; };
		4854C69B2461648100F1F612 /* SceneDelegate.swift in Sources */ = {isa = PBXBuildFile; fileRef = 4854C69A2461648100F1F612 /* SceneDelegate.swift */; };
		4854C69D2461648100F1F612 /* ViewController.swift in Sources */ = {isa = PBXBuildFile; fileRef = 4854C69C2461648100F1F612 /* ViewController.swift */; };
		4854C6A02461648100F1F612 /* Main.storyboard in Resources */ = {isa = PBXBuildFile; fileRef = 4854C69E2461648100F1F612 /* Main.storyboard */; };
		4854C6A22461648200F1F612 /* Assets.xcassets in Resources */ = {isa = PBXBuildFile; fileRef = 4854C6A12461648200F1F612 /* Assets.xcassets */; };
		4854C6A52461648200F1F612 /* LaunchScreen.storyboard in Resources */ = {isa = PBXBuildFile; fileRef = 4854C6A32461648200F1F612 /* LaunchScreen.storyboard */; };
		4854C6B0246165BC00F1F612 /* firstcell.swift in Sources */ = {isa = PBXBuildFile; fileRef = 4854C6AE246165BC00F1F612 /* firstcell.swift */; };
		4854C6B1246165BC00F1F612 /* firstcell.xib in Resources */ = {isa = PBXBuildFile; fileRef = 4854C6AF246165BC00F1F612 /* firstcell.xib */; };
		4854C6B424616ACE00F1F612 /* secondcell.swift in Sources */ = {isa = PBXBuildFile; fileRef = 4854C6B224616ACE00F1F612 /* secondcell.swift */; };
		4854C6B524616ACE00F1F612 /* secondcell.xib in Resources */ = {isa = PBXBuildFile; fileRef = 4854C6B324616ACE00F1F612 /* secondcell.xib */; };
		4854C6B724617F1E00F1F612 /* secondviewcontroller.swift in Sources */ = {isa = PBXBuildFile; fileRef = 4854C6B624617F1E00F1F612 /* secondviewcontroller.swift */; };
/* End PBXBuildFile section */

/* Begin PBXFileReference section */
		4854C6952461648100F1F612 /* gallery.app */ = {isa = PBXFileReference; explicitFileType = wrapper.application; includeInIndex = 0; path = gallery.app; sourceTree = BUILT_PRODUCTS_DIR; };
		4854C6982461648100F1F612 /* AppDelegate.swift */ = {isa = PBXFileReference; lastKnownFileType = sourcecode.swift; path = AppDelegate.swift; sourceTree = "<group>"; };
		4854C69A2461648100F1F612 /* SceneDelegate.swift */ = {isa = PBXFileReference; lastKnownFileType = sourcecode.swift; path = SceneDelegate.swift; sourceTree = "<group>"; };
		4854C69C2461648100F1F612 /* ViewController.swift */ = {isa = PBXFileReference; lastKnownFileType = sourcecode.swift; path = ViewController.swift; sourceTree = "<group>"; };
		4854C69F2461648100F1F612 /* Base */ = {isa = PBXFileReference; lastKnownFileType = file.storyboard; name = Base; path = Base.lproj/Main.storyboard; sourceTree = "<group>"; };
		4854C6A12461648200F1F612 /* Assets.xcassets */ = {isa = PBXFileReference; lastKnownFileType = folder.assetcatalog; path = Assets.xcassets; sourceTree = "<group>"; };
		4854C6A42461648200F1F612 /* Base */ = {isa = PBXFileReference; lastKnownFileType = file.storyboard; name = Base; path = Base.lproj/LaunchScreen.storyboard; sourceTree = "<group>"; };
		4854C6A62461648200F1F612 /* Info.plist */ = {isa = PBXFileReference; lastKnownFileType = text.plist.xml; path = Info.plist; sourceTree = "<group>"; };
		4854C6AE246165BC00F1F612 /* firstcell.swift */ = {isa = PBXFileReference; lastKnownFileType = sourcecode.swift; path = firstcell.swift; sourceTree = "<group>"; };
		4854C6AF246165BC00F1F612 /* firstcell.xib */ = {isa = PBXFileReference; lastKnownFileType = file.xib; path = firstcell.xib; sourceTree = "<group>"; };
		4854C6B224616ACE00F1F612 /* secondcell.swift */ = {isa = PBXFileReference; lastKnownFileType = sourcecode.swift; path = secondcell.swift; sourceTree = "<group>"; };
		4854C6B324616ACE00F1F612 /* secondcell.xib */ = {isa = PBXFileReference; lastKnownFileType = file.xib; path = secondcell.xib; sourceTree = "<group>"; };
		4854C6B624617F1E00F1F612 /* secondviewcontroller.swift */ = {isa = PBXFileReference; lastKnownFileType = sourcecode.swift; path = secondviewcontroller.swift; sourceTree = "<group>"; };
/* End PBXFileReference section */

/* Begin PBXFrameworksBuildPhase section */
		4854C6922461648100F1F612 /* Frameworks */ = {
			isa = PBXFrameworksBuildPhase;
			buildActionMask = 2147483647;
			files = (
			);
			runOnlyForDeploymentPostprocessing = 0;
		};
/* End PBXFrameworksBuildPhase section */

/* Begin PBXGroup section */
		4854C68C2461648100F1F612 = {
			isa = PBXGroup;
			children = (
				4854C6972461648100F1F612 /* gallery */,
				4854C6962461648100F1F612 /* Products */,
			);
			sourceTree = "<group>";
		};
		4854C6962461648100F1F612 /* Products */ = {
			isa = PBXGroup;
			children = (
				4854C6952461648100F1F612 /* gallery.app */,
			);
			name = Products;
			sourceTree = "<group>";
		};
		4854C6972461648100F1F612 /* gallery */ = {
			isa = PBXGroup;
			children = (
				4854C6982461648100F1F612 /* AppDelegate.swift */,
				4854C69A2461648100F1F612 /* SceneDelegate.swift */,
				4854C69C2461648100F1F612 /* ViewController.swift */,
				4854C69E2461648100F1F612 /* Main.storyboard */,
				4854C6A12461648200F1F612 /* Assets.xcassets */,
				4854C6A32461648200F1F612 /* LaunchScreen.storyboard */,
				4854C6A62461648200F1F612 /* Info.plist */,
				4854C6AE246165BC00F1F612 /* firstcell.swift */,
				4854C6AF246165BC00F1F612 /* firstcell.xib */,
				4854C6B224616ACE00F1F612 /* secondcell.swift */,
				4854C6B324616ACE00F1F612 /* secondcell.xib */,
				4854C6B624617F1E00F1F612 /* secondviewcontroller.swift */,
			);
			path = gallery;
			sourceTree = "<group>";
		};
/* End PBXGroup section */

/* Begin PBXNativeTarget section */
		4854C6942461648100F1F612 /* gallery */ = {
			isa = PBXNativeTarget;
			buildConfigurationList = 4854C6A92461648200F1F612 /* Build configuration list for PBXNativeTarget "gallery" */;
			buildPhases = (
				4854C6912461648100F1F612 /* Sources */,
				4854C6922461648100F1F612 /* Frameworks */,
				4854C6932461648100F1F612 /* Resources */,
			);
			buildRules = (
			);
			dependencies = (
			);
			name = gallery;
			productName = gallery;
			productReference = 4854C6952461648100F1F612 /* gallery.app */;
			productType = "com.apple.product-type.application";
		};
/* End PBXNativeTarget section */

/* Begin PBXProject section */
		4854C68D2461648100F1F612 /* Project object */ = {
			isa = PBXProject;
			attributes = {
				LastSwiftUpdateCheck = 1130;
				LastUpgradeCheck = 1130;
				ORGANIZATIONNAME = "Ucha Dzotsenidze";
				TargetAttributes = {
					4854C6942461648100F1F612 = {
						CreatedOnToolsVersion = 11.3.1;
					};
				};
			};
			buildConfigurationList = 4854C6902461648100F1F612 /* Build configuration list for PBXProject "gallery" */;
			compatibilityVersion = "Xcode 9.3";
			developmentRegion = en;
			hasScannedForEncodings = 0;
			knownRegions = (
				en,
				Base,
			);
			mainGroup = 4854C68C2461648100F1F612;
			productRefGroup = 4854C6962461648100F1F612 /* Products */;
			projectDirPath = "";
			projectRoot = "";
			targets = (
				4854C6942461648100F1F612 /* gallery */,
			);
		};
/* End PBXProject section */

/* Begin PBXResourcesBuildPhase section */
		4854C6932461648100F1F612 /* Resources */ = {
			isa = PBXResourcesBuildPhase;
			buildActionMask = 2147483647;
			files = (
				4854C6A52461648200F1F612 /* LaunchScreen.storyboard in Resources */,
				4854C6A22461648200F1F612 /* Assets.xcassets in Resources */,
				4854C6B524616ACE00F1F612 /* secondcell.xib in Resources */,
				4854C6B1246165BC00F1F612 /* firstcell.xib in Resources */,
				4854C6A02461648100F1F612 /* Main.storyboard in Resources */,
			);
			runOnlyForDeploymentPostprocessing = 0;
		};
/* End PBXResourcesBuildPhase section */

/* Begin PBXSourcesBuildPhase section */
		4854C6912461648100F1F612 /* Sources */ = {
			isa = PBXSourcesBuildPhase;
			buildActionMask = 2147483647;
			files = (
				4854C69D2461648100F1F612 /* ViewController.swift in Sources */,
				4854C6B424616ACE00F1F612 /* secondcell.swift in Sources */,
				4854C6B724617F1E00F1F612 /* secondviewcontroller.swift in Sources */,
				4854C6992461648100F1F612 /* AppDelegate.swift in Sources */,
				4854C6B0246165BC00F1F612 /* firstcell.swift in Sources */,
				4854C69B2461648100F1F612 /* SceneDelegate.swift in Sources */,
			);
			runOnlyForDeploymentPostprocessing = 0;
		};
/* End PBXSourcesBuildPhase section */

/* Begin PBXVariantGroup section */
		4854C69E2461648100F1F612 /* Main.storyboard */ = {
			isa = PBXVariantGroup;
			children = (
				4854C69F2461648100F1F612 /* Base */,
			);
			name = Main.storyboard;
			sourceTree = "<group>";
		};
		4854C6A32461648200F1F612 /* LaunchScreen.storyboard */ = {
			isa = PBXVariantGroup;
			children = (
				4854C6A42461648200F1F612 /* Base */,
			);
			name = LaunchScreen.storyboard;
			sourceTree = "<group>";
		};
/* End PBXVariantGroup section */

/* Begin XCBuildConfiguration section */
		4854C6A72461648200F1F612 /* Debug */ = {
			isa = XCBuildConfiguration;
			buildSettings = {
				ALWAYS_SEARCH_USER_PATHS = NO;
				CLANG_ANALYZER_NONNULL = YES;
				CLANG_ANALYZER_NUMBER_OBJECT_CONVERSION = YES_AGGRESSIVE;
				CLANG_CXX_LANGUAGE_STANDARD = "gnu++14";
				CLANG_CXX_LIBRARY = "libc++";
				CLANG_ENABLE_MODULES = YES;
				CLANG_ENABLE_OBJC_ARC = YES;
				CLANG_ENABLE_OBJC_WEAK = YES;
				CLANG_WARN_BLOCK_CAPTURE_AUTORELEASING = YES;
				CLANG_WARN_BOOL_CONVERSION = YES;
				CLANG_WARN_COMMA = YES;
				CLANG_WARN_CONSTANT_CONVERSION = YES;
				CLANG_WARN_DEPRECATED_OBJC_IMPLEMENTATIONS = YES;
				CLANG_WARN_DIRECT_OBJC_ISA_USAGE = YES_ERROR;
				CLANG_WARN_DOCUMENTATION_COMMENTS = YES;
				CLANG_WARN_EMPTY_BODY = YES;
				CLANG_WARN_ENUM_CONVERSION = YES;
				CLANG_WARN_INFINITE_RECURSION = YES;
				CLANG_WARN_INT_CONVERSION = YES;
				CLANG_WARN_NON_LITERAL_NULL_CONVERSION = YES;
				CLANG_WARN_OBJC_IMPLICIT_RETAIN_SELF = YES;
				CLANG_WARN_OBJC_LITERAL_CONVERSION = YES;
				CLANG_WARN_OBJC_ROOT_CLASS = YES_ERROR;
				CLANG_WARN_RANGE_LOOP_ANALYSIS = YES;
				CLANG_WARN_STRICT_PROTOTYPES = YES;
				CLANG_WARN_SUSPICIOUS_MOVE = YES;
				CLANG_WARN_UNGUARDED_AVAILABILITY = YES_AGGRESSIVE;
				CLANG_WARN_UNREACHABLE_CODE = YES;
				CLANG_WARN__DUPLICATE_METHOD_MATCH = YES;
				COPY_PHASE_STRIP = NO;
				DEBUG_INFORMATION_FORMAT = dwarf;
				ENABLE_STRICT_OBJC_MSGSEND = YES;
				ENABLE_TESTABILITY = YES;
				GCC_C_LANGUAGE_STANDARD = gnu11;
				GCC_DYNAMIC_NO_PIC = NO;
				GCC_NO_COMMON_BLOCKS = YES;
				GCC_OPTIMIZATION_LEVEL = 0;
				GCC_PREPROCESSOR_DEFINITIONS = (
					"DEBUG=1",
					"$(inherited)",
				);
				GCC_WARN_64_TO_32_BIT_CONVERSION = YES;
				GCC_WARN_ABOUT_RETURN_TYPE = YES_ERROR;
				GCC_WARN_UNDECLARED_SELECTOR = YES;
				GCC_WARN_UNINITIALIZED_AUTOS = YES_AGGRESSIVE;
				GCC_WARN_UNUSED_FUNCTION = YES;
				GCC_WARN_UNUSED_VARIABLE = YES;
				IPHONEOS_DEPLOYMENT_TARGET = 13.2;
				MTL_ENABLE_DEBUG_INFO = INCLUDE_SOURCE;
				MTL_FAST_MATH = YES;
				ONLY_ACTIVE_ARCH = YES;
				SDKROOT = iphoneos;
				SWIFT_ACTIVE_COMPILATION_CONDITIONS = DEBUG;
				SWIFT_OPTIMIZATION_LEVEL = "-Onone";
			};
			name = Debug;
		};
		4854C6A82461648200F1F612 /* Release */ = {
			isa = XCBuildConfiguration;
			buildSettings = {
				ALWAYS_SEARCH_USER_PATHS = NO;
				CLANG_ANALYZER_NONNULL = YES;
				CLANG_ANALYZER_NUMBER_OBJECT_CONVERSION = YES_AGGRESSIVE;
				CLANG_CXX_LANGUAGE_STANDARD = "gnu++14";
				CLANG_CXX_LIBRARY = "libc++";
				CLANG_ENABLE_MODULES = YES;
				CLANG_ENABLE_OBJC_ARC = YES;
				CLANG_ENABLE_OBJC_WEAK = YES;
				CLANG_WARN_BLOCK_CAPTURE_AUTORELEASING = YES;
				CLANG_WARN_BOOL_CONVERSION = YES;
				CLANG_WARN_COMMA = YES;
				CLANG_WARN_CONSTANT_CONVERSION = YES;
				CLANG_WARN_DEPRECATED_OBJC_IMPLEMENTATIONS = YES;
				CLANG_WARN_DIRECT_OBJC_ISA_USAGE = YES_ERROR;
				CLANG_WARN_DOCUMENTATION_COMMENTS = YES;
				CLANG_WARN_EMPTY_BODY = YES;
				CLANG_WARN_ENUM_CONVERSION = YES;
				CLANG_WARN_INFINITE_RECURSION = YES;
				CLANG_WARN_INT_CONVERSION = YES;
				CLANG_WARN_NON_LITERAL_NULL_CONVERSION = YES;
				CLANG_WARN_OBJC_IMPLICIT_RETAIN_SELF = YES;
				CLANG_WARN_OBJC_LITERAL_CONVERSION = YES;
				CLANG_WARN_OBJC_ROOT_CLASS = YES_ERROR;
				CLANG_WARN_RANGE_LOOP_ANALYSIS = YES;
				CLANG_WARN_STRICT_PROTOTYPES = YES;
				CLANG_WARN_SUSPICIOUS_MOVE = YES;
				CLANG_WARN_UNGUARDED_AVAILABILITY = YES_AGGRESSIVE;
				CLANG_WARN_UNREACHABLE_CODE = YES;
				CLANG_WARN__DUPLICATE_METHOD_MATCH = YES;
				COPY_PHASE_STRIP = NO;
				DEBUG_INFORMATION_FORMAT = "dwarf-with-dsym";
				ENABLE_NS_ASSERTIONS = NO;
				ENABLE_STRICT_OBJC_MSGSEND = YES;
				GCC_C_LANGUAGE_STANDARD = gnu11;
				GCC_NO_COMMON_BLOCKS = YES;
				GCC_WARN_64_TO_32_BIT_CONVERSION = YES;
				GCC_WARN_ABOUT_RETURN_TYPE = YES_ERROR;
				GCC_WARN_UNDECLARED_SELECTOR = YES;
				GCC_WARN_UNINITIALIZED_AUTOS = YES_AGGRESSIVE;
				GCC_WARN_UNUSED_FUNCTION = YES;
				GCC_WARN_UNUSED_VARIABLE = YES;
				IPHONEOS_DEPLOYMENT_TARGET = 13.2;
				MTL_ENABLE_DEBUG_INFO = NO;
				MTL_FAST_MATH = YES;
				SDKROOT = iphoneos;
				SWIFT_COMPILATION_MODE = wholemodule;
				SWIFT_OPTIMIZATION_LEVEL = "-O";
				VALIDATE_PRODUCT = YES;
			};
			name = Release;
		};
		4854C6AA2461648200F1F612 /* Debug */ = {
			isa = XCBuildConfiguration;
			buildSettings = {
				ASSETCATALOG_COMPILER_APPICON_NAME = AppIcon;
				CODE_SIGN_STYLE = Automatic;
				DEVELOPMENT_TEAM = Y2R4TXFXZ9;
				INFOPLIST_FILE = gallery/Info.plist;
				LD_RUNPATH_SEARCH_PATHS = (
					"$(inherited)",
					"@executable_path/Frameworks",
				);
				PRODUCT_BUNDLE_IDENTIFIER = com.uchadzotsenidze.gallery;
				PRODUCT_NAME = "$(TARGET_NAME)";
				SWIFT_VERSION = 5.0;
				TARGETED_DEVICE_FAMILY = "1,2";
			};
			name = Debug;
		};
		4854C6AB2461648200F1F612 /* Release */ = {
			isa = XCBuildConfiguration;
			buildSettings = {
				ASSETCATALOG_COMPILER_APPICON_NAME = AppIcon;
				CODE_SIGN_STYLE = Automatic;
				DEVELOPMENT_TEAM = Y2R4TXFXZ9;
				INFOPLIST_FILE = gallery/Info.plist;
				LD_RUNPATH_SEARCH_PATHS = (
					"$(inherited)",
					"@executable_path/Frameworks",
				);
				PRODUCT_BUNDLE_IDENTIFIER = com.uchadzotsenidze.gallery;
				PRODUCT_NAME = "$(TARGET_NAME)";
				SWIFT_VERSION = 5.0;
				TARGETED_DEVICE_FAMILY = "1,2";
			};
			name = Release;
		};
/* End XCBuildConfiguration section */

/* Begin XCConfigurationList section */
		4854C6902461648100F1F612 /* Build configuration list for PBXProject "gallery" */ = {
			isa = XCConfigurationList;
			buildConfigurations = (
				4854C6A72461648200F1F612 /* Debug */,
				4854C6A82461648200F1F612 /* Release */,
			);
			defaultConfigurationIsVisible = 0;
			defaultConfigurationName = Release;
		};
		4854C6A92461648200F1F612 /* Build configuration list for PBXNativeTarget "gallery" */ = {
			isa = XCConfigurationList;
			buildConfigurations = (
				4854C6AA2461648200F1F612 /* Debug */,
				4854C6AB2461648200F1F612 /* Release */,
			);
			defaultConfigurationIsVisible = 0;
			defaultConfigurationName = Release;
		};
/* End XCConfigurationList section */
	};
	rootObject = 4854C68D2461648100F1F612 /* Project object */;
}
