// !$*UTF8*$!
{
	archiveVersion = 1;
	classes = {
	};
	objectVersion = 50;
	objects = {

/* Begin PBXBuildFile section */
		48C3B2D32477A978005779B6 /* AppDelegate.swift in Sources */ = {isa = PBXBuildFile; fileRef = 48C3B2D22477A978005779B6 /* AppDelegate.swift */; };
		48C3B2D52477A978005779B6 /* SceneDelegate.swift in Sources */ = {isa = PBXBuildFile; fileRef = 48C3B2D42477A978005779B6 /* SceneDelegate.swift */; };
		48C3B2D72477A978005779B6 /* ViewController.swift in Sources */ = {isa = PBXBuildFile; fileRef = 48C3B2D62477A978005779B6 /* ViewController.swift */; };
		48C3B2DA2477A978005779B6 /* Main.storyboard in Resources */ = {isa = PBXBuildFile; fileRef = 48C3B2D82477A978005779B6 /* Main.storyboard */; };
		48C3B2DD2477A978005779B6 /* slider.xcdatamodeld in Sources */ = {isa = PBXBuildFile; fileRef = 48C3B2DB2477A978005779B6 /* slider.xcdatamodeld */; };
		48C3B2DF2477A979005779B6 /* Assets.xcassets in Resources */ = {isa = PBXBuildFile; fileRef = 48C3B2DE2477A979005779B6 /* Assets.xcassets */; };
		48C3B2E22477A979005779B6 /* LaunchScreen.storyboard in Resources */ = {isa = PBXBuildFile; fileRef = 48C3B2E02477A979005779B6 /* LaunchScreen.storyboard */; };
		48C3B2EA2477AB65005779B6 /* HystoryViewController.swift in Sources */ = {isa = PBXBuildFile; fileRef = 48C3B2E92477AB65005779B6 /* HystoryViewController.swift */; };
		48C3B2EC2477B660005779B6 /* HistoryCell.swift in Sources */ = {isa = PBXBuildFile; fileRef = 48C3B2EB2477B660005779B6 /* HistoryCell.swift */; };
/* End PBXBuildFile section */

/* Begin PBXFileReference section */
		48C3B2CF2477A978005779B6 /* slider.app */ = {isa = PBXFileReference; explicitFileType = wrapper.application; includeInIndex = 0; path = slider.app; sourceTree = BUILT_PRODUCTS_DIR; };
		48C3B2D22477A978005779B6 /* AppDelegate.swift */ = {isa = PBXFileReference; lastKnownFileType = sourcecode.swift; path = AppDelegate.swift; sourceTree = "<group>"; };
		48C3B2D42477A978005779B6 /* SceneDelegate.swift */ = {isa = PBXFileReference; lastKnownFileType = sourcecode.swift; path = SceneDelegate.swift; sourceTree = "<group>"; };
		48C3B2D62477A978005779B6 /* ViewController.swift */ = {isa = PBXFileReference; lastKnownFileType = sourcecode.swift; path = ViewController.swift; sourceTree = "<group>"; };
		48C3B2D92477A978005779B6 /* Base */ = {isa = PBXFileReference; lastKnownFileType = file.storyboard; name = Base; path = Base.lproj/Main.storyboard; sourceTree = "<group>"; };
		48C3B2DC2477A978005779B6 /* slider.xcdatamodel */ = {isa = PBXFileReference; lastKnownFileType = wrapper.xcdatamodel; path = slider.xcdatamodel; sourceTree = "<group>"; };
		48C3B2DE2477A979005779B6 /* Assets.xcassets */ = {isa = PBXFileReference; lastKnownFileType = folder.assetcatalog; path = Assets.xcassets; sourceTree = "<group>"; };
		48C3B2E12477A979005779B6 /* Base */ = {isa = PBXFileReference; lastKnownFileType = file.storyboard; name = Base; path = Base.lproj/LaunchScreen.storyboard; sourceTree = "<group>"; };
		48C3B2E32477A979005779B6 /* Info.plist */ = {isa = PBXFileReference; lastKnownFileType = text.plist.xml; path = Info.plist; sourceTree = "<group>"; };
		48C3B2E92477AB65005779B6 /* HystoryViewController.swift */ = {isa = PBXFileReference; lastKnownFileType = sourcecode.swift; path = HystoryViewController.swift; sourceTree = "<group>"; };
		48C3B2EB2477B660005779B6 /* HistoryCell.swift */ = {isa = PBXFileReference; lastKnownFileType = sourcecode.swift; path = HistoryCell.swift; sourceTree = "<group>"; };
/* End PBXFileReference section */

/* Begin PBXFrameworksBuildPhase section */
		48C3B2CC2477A978005779B6 /* Frameworks */ = {
			isa = PBXFrameworksBuildPhase;
			buildActionMask = 2147483647;
			files = (
			);
			runOnlyForDeploymentPostprocessing = 0;
		};
/* End PBXFrameworksBuildPhase section */

/* Begin PBXGroup section */
		48C3B2C62477A978005779B6 = {
			isa = PBXGroup;
			children = (
				48C3B2D12477A978005779B6 /* slider */,
				48C3B2D02477A978005779B6 /* Products */,
			);
			sourceTree = "<group>";
		};
		48C3B2D02477A978005779B6 /* Products */ = {
			isa = PBXGroup;
			children = (
				48C3B2CF2477A978005779B6 /* slider.app */,
			);
			name = Products;
			sourceTree = "<group>";
		};
		48C3B2D12477A978005779B6 /* slider */ = {
			isa = PBXGroup;
			children = (
				48C3B2D22477A978005779B6 /* AppDelegate.swift */,
				48C3B2D42477A978005779B6 /* SceneDelegate.swift */,
				48C3B2D62477A978005779B6 /* ViewController.swift */,
				48C3B2D82477A978005779B6 /* Main.storyboard */,
				48C3B2DE2477A979005779B6 /* Assets.xcassets */,
				48C3B2E02477A979005779B6 /* LaunchScreen.storyboard */,
				48C3B2E32477A979005779B6 /* Info.plist */,
				48C3B2DB2477A978005779B6 /* slider.xcdatamodeld */,
				48C3B2E92477AB65005779B6 /* HystoryViewController.swift */,
				48C3B2EB2477B660005779B6 /* HistoryCell.swift */,
			);
			path = slider;
			sourceTree = "<group>";
		};
/* End PBXGroup section */

/* Begin PBXNativeTarget section */
		48C3B2CE2477A978005779B6 /* slider */ = {
			isa = PBXNativeTarget;
			buildConfigurationList = 48C3B2E62477A979005779B6 /* Build configuration list for PBXNativeTarget "slider" */;
			buildPhases = (
				48C3B2CB2477A978005779B6 /* Sources */,
				48C3B2CC2477A978005779B6 /* Frameworks */,
				48C3B2CD2477A978005779B6 /* Resources */,
			);
			buildRules = (
			);
			dependencies = (
			);
			name = slider;
			productName = slider;
			productReference = 48C3B2CF2477A978005779B6 /* slider.app */;
			productType = "com.apple.product-type.application";
		};
/* End PBXNativeTarget section */

/* Begin PBXProject section */
		48C3B2C72477A978005779B6 /* Project object */ = {
			isa = PBXProject;
			attributes = {
				LastSwiftUpdateCheck = 1140;
				LastUpgradeCheck = 1140;
				ORGANIZATIONNAME = "Ucha Dzotsenidze";
				TargetAttributes = {
					48C3B2CE2477A978005779B6 = {
						CreatedOnToolsVersion = 11.4.1;
					};
				};
			};
			buildConfigurationList = 48C3B2CA2477A978005779B6 /* Build configuration list for PBXProject "slider" */;
			compatibilityVersion = "Xcode 9.3";
			developmentRegion = en;
			hasScannedForEncodings = 0;
			knownRegions = (
				en,
				Base,
			);
			mainGroup = 48C3B2C62477A978005779B6;
			productRefGroup = 48C3B2D02477A978005779B6 /* Products */;
			projectDirPath = "";
			projectRoot = "";
			targets = (
				48C3B2CE2477A978005779B6 /* slider */,
			);
		};
/* End PBXProject section */

/* Begin PBXResourcesBuildPhase section */
		48C3B2CD2477A978005779B6 /* Resources */ = {
			isa = PBXResourcesBuildPhase;
			buildActionMask = 2147483647;
			files = (
				48C3B2E22477A979005779B6 /* LaunchScreen.storyboard in Resources */,
				48C3B2DF2477A979005779B6 /* Assets.xcassets in Resources */,
				48C3B2DA2477A978005779B6 /* Main.storyboard in Resources */,
			);
			runOnlyForDeploymentPostprocessing = 0;
		};
/* End PBXResourcesBuildPhase section */

/* Begin PBXSourcesBuildPhase section */
		48C3B2CB2477A978005779B6 /* Sources */ = {
			isa = PBXSourcesBuildPhase;
			buildActionMask = 2147483647;
			files = (
				48C3B2EC2477B660005779B6 /* HistoryCell.swift in Sources */,
				48C3B2D72477A978005779B6 /* ViewController.swift in Sources */,
				48C3B2D32477A978005779B6 /* AppDelegate.swift in Sources */,
				48C3B2DD2477A978005779B6 /* slider.xcdatamodeld in Sources */,
				48C3B2EA2477AB65005779B6 /* HystoryViewController.swift in Sources */,
				48C3B2D52477A978005779B6 /* SceneDelegate.swift in Sources */,
			);
			runOnlyForDeploymentPostprocessing = 0;
		};
/* End PBXSourcesBuildPhase section */

/* Begin PBXVariantGroup section */
		48C3B2D82477A978005779B6 /* Main.storyboard */ = {
			isa = PBXVariantGroup;
			children = (
				48C3B2D92477A978005779B6 /* Base */,
			);
			name = Main.storyboard;
			sourceTree = "<group>";
		};
		48C3B2E02477A979005779B6 /* LaunchScreen.storyboard */ = {
			isa = PBXVariantGroup;
			children = (
				48C3B2E12477A979005779B6 /* Base */,
			);
			name = LaunchScreen.storyboard;
			sourceTree = "<group>";
		};
/* End PBXVariantGroup section */

/* Begin XCBuildConfiguration section */
		48C3B2E42477A979005779B6 /* Debug */ = {
			isa = XCBuildConfiguration;
			buildSettings = {
				ALWAYS_SEARCH_USER_PATHS = NO;
				CLANG_ANALYZER_NONNULL = YES;
				CLANG_ANALYZER_NUMBER_OBJECT_CONVERSION = YES_AGGRESSIVE;
				CLANG_CXX_LANGUAGE_STANDARD = "gnu++14";
				CLANG_CXX_LIBRARY = "libc++";
				CLANG_ENABLE_MODULES = YES;
				CLANG_ENABLE_OBJC_ARC = YES;
				CLANG_ENABLE_OBJC_WEAK = YES;
				CLANG_WARN_BLOCK_CAPTURE_AUTORELEASING = YES;
				CLANG_WARN_BOOL_CONVERSION = YES;
				CLANG_WARN_COMMA = YES;
				CLANG_WARN_CONSTANT_CONVERSION = YES;
				CLANG_WARN_DEPRECATED_OBJC_IMPLEMENTATIONS = YES;
				CLANG_WARN_DIRECT_OBJC_ISA_USAGE = YES_ERROR;
				CLANG_WARN_DOCUMENTATION_COMMENTS = YES;
				CLANG_WARN_EMPTY_BODY = YES;
				CLANG_WARN_ENUM_CONVERSION = YES;
				CLANG_WARN_INFINITE_RECURSION = YES;
				CLANG_WARN_INT_CONVERSION = YES;
				CLANG_WARN_NON_LITERAL_NULL_CONVERSION = YES;
				CLANG_WARN_OBJC_IMPLICIT_RETAIN_SELF = YES;
				CLANG_WARN_OBJC_LITERAL_CONVERSION = YES;
				CLANG_WARN_OBJC_ROOT_CLASS = YES_ERROR;
				CLANG_WARN_RANGE_LOOP_ANALYSIS = YES;
				CLANG_WARN_STRICT_PROTOTYPES = YES;
				CLANG_WARN_SUSPICIOUS_MOVE = YES;
				CLANG_WARN_UNGUARDED_AVAILABILITY = YES_AGGRESSIVE;
				CLANG_WARN_UNREACHABLE_CODE = YES;
				CLANG_WARN__DUPLICATE_METHOD_MATCH = YES;
				COPY_PHASE_STRIP = NO;
				DEBUG_INFORMATION_FORMAT = dwarf;
				ENABLE_STRICT_OBJC_MSGSEND = YES;
				ENABLE_TESTABILITY = YES;
				GCC_C_LANGUAGE_STANDARD = gnu11;
				GCC_DYNAMIC_NO_PIC = NO;
				GCC_NO_COMMON_BLOCKS = YES;
				GCC_OPTIMIZATION_LEVEL = 0;
				GCC_PREPROCESSOR_DEFINITIONS = (
					"DEBUG=1",
					"$(inherited)",
				);
				GCC_WARN_64_TO_32_BIT_CONVERSION = YES;
				GCC_WARN_ABOUT_RETURN_TYPE = YES_ERROR;
				GCC_WARN_UNDECLARED_SELECTOR = YES;
				GCC_WARN_UNINITIALIZED_AUTOS = YES_AGGRESSIVE;
				GCC_WARN_UNUSED_FUNCTION = YES;
				GCC_WARN_UNUSED_VARIABLE = YES;
				IPHONEOS_DEPLOYMENT_TARGET = 13.4;
				MTL_ENABLE_DEBUG_INFO = INCLUDE_SOURCE;
				MTL_FAST_MATH = YES;
				ONLY_ACTIVE_ARCH = YES;
				SDKROOT = iphoneos;
				SWIFT_ACTIVE_COMPILATION_CONDITIONS = DEBUG;
				SWIFT_OPTIMIZATION_LEVEL = "-Onone";
			};
			name = Debug;
		};
		48C3B2E52477A979005779B6 /* Release */ = {
			isa = XCBuildConfiguration;
			buildSettings = {
				ALWAYS_SEARCH_USER_PATHS = NO;
				CLANG_ANALYZER_NONNULL = YES;
				CLANG_ANALYZER_NUMBER_OBJECT_CONVERSION = YES_AGGRESSIVE;
				CLANG_CXX_LANGUAGE_STANDARD = "gnu++14";
				CLANG_CXX_LIBRARY = "libc++";
				CLANG_ENABLE_MODULES = YES;
				CLANG_ENABLE_OBJC_ARC = YES;
				CLANG_ENABLE_OBJC_WEAK = YES;
				CLANG_WARN_BLOCK_CAPTURE_AUTORELEASING = YES;
				CLANG_WARN_BOOL_CONVERSION = YES;
				CLANG_WARN_COMMA = YES;
				CLANG_WARN_CONSTANT_CONVERSION = YES;
				CLANG_WARN_DEPRECATED_OBJC_IMPLEMENTATIONS = YES;
				CLANG_WARN_DIRECT_OBJC_ISA_USAGE = YES_ERROR;
				CLANG_WARN_DOCUMENTATION_COMMENTS = YES;
				CLANG_WARN_EMPTY_BODY = YES;
				CLANG_WARN_ENUM_CONVERSION = YES;
				CLANG_WARN_INFINITE_RECURSION = YES;
				CLANG_WARN_INT_CONVERSION = YES;
				CLANG_WARN_NON_LITERAL_NULL_CONVERSION = YES;
				CLANG_WARN_OBJC_IMPLICIT_RETAIN_SELF = YES;
				CLANG_WARN_OBJC_LITERAL_CONVERSION = YES;
				CLANG_WARN_OBJC_ROOT_CLASS = YES_ERROR;
				CLANG_WARN_RANGE_LOOP_ANALYSIS = YES;
				CLANG_WARN_STRICT_PROTOTYPES = YES;
				CLANG_WARN_SUSPICIOUS_MOVE = YES;
				CLANG_WARN_UNGUARDED_AVAILABILITY = YES_AGGRESSIVE;
				CLANG_WARN_UNREACHABLE_CODE = YES;
				CLANG_WARN__DUPLICATE_METHOD_MATCH = YES;
				COPY_PHASE_STRIP = NO;
				DEBUG_INFORMATION_FORMAT = "dwarf-with-dsym";
				ENABLE_NS_ASSERTIONS = NO;
				ENABLE_STRICT_OBJC_MSGSEND = YES;
				GCC_C_LANGUAGE_STANDARD = gnu11;
				GCC_NO_COMMON_BLOCKS = YES;
				GCC_WARN_64_TO_32_BIT_CONVERSION = YES;
				GCC_WARN_ABOUT_RETURN_TYPE = YES_ERROR;
				GCC_WARN_UNDECLARED_SELECTOR = YES;
				GCC_WARN_UNINITIALIZED_AUTOS = YES_AGGRESSIVE;
				GCC_WARN_UNUSED_FUNCTION = YES;
				GCC_WARN_UNUSED_VARIABLE = YES;
				IPHONEOS_DEPLOYMENT_TARGET = 13.4;
				MTL_ENABLE_DEBUG_INFO = NO;
				MTL_FAST_MATH = YES;
				SDKROOT = iphoneos;
				SWIFT_COMPILATION_MODE = wholemodule;
				SWIFT_OPTIMIZATION_LEVEL = "-O";
				VALIDATE_PRODUCT = YES;
			};
			name = Release;
		};
		48C3B2E72477A979005779B6 /* Debug */ = {
			isa = XCBuildConfiguration;
			buildSettings = {
				ASSETCATALOG_COMPILER_APPICON_NAME = AppIcon;
				CODE_SIGN_STYLE = Automatic;
				DEVELOPMENT_TEAM = Y2R4TXFXZ9;
				INFOPLIST_FILE = slider/Info.plist;
				LD_RUNPATH_SEARCH_PATHS = (
					"$(inherited)",
					"@executable_path/Frameworks",
				);
				PRODUCT_BUNDLE_IDENTIFIER = com.uchadzotsenidze.slider;
				PRODUCT_NAME = "$(TARGET_NAME)";
				SWIFT_VERSION = 5.0;
				TARGETED_DEVICE_FAMILY = "1,2";
			};
			name = Debug;
		};
		48C3B2E82477A979005779B6 /* Release */ = {
			isa = XCBuildConfiguration;
			buildSettings = {
				ASSETCATALOG_COMPILER_APPICON_NAME = AppIcon;
				CODE_SIGN_STYLE = Automatic;
				DEVELOPMENT_TEAM = Y2R4TXFXZ9;
				INFOPLIST_FILE = slider/Info.plist;
				LD_RUNPATH_SEARCH_PATHS = (
					"$(inherited)",
					"@executable_path/Frameworks",
				);
				PRODUCT_BUNDLE_IDENTIFIER = com.uchadzotsenidze.slider;
				PRODUCT_NAME = "$(TARGET_NAME)";
				SWIFT_VERSION = 5.0;
				TARGETED_DEVICE_FAMILY = "1,2";
			};
			name = Release;
		};
/* End XCBuildConfiguration section */

/* Begin XCConfigurationList section */
		48C3B2CA2477A978005779B6 /* Build configuration list for PBXProject "slider" */ = {
			isa = XCConfigurationList;
			buildConfigurations = (
				48C3B2E42477A979005779B6 /* Debug */,
				48C3B2E52477A979005779B6 /* Release */,
			);
			defaultConfigurationIsVisible = 0;
			defaultConfigurationName = Release;
		};
		48C3B2E62477A979005779B6 /* Build configuration list for PBXNativeTarget "slider" */ = {
			isa = XCConfigurationList;
			buildConfigurations = (
				48C3B2E72477A979005779B6 /* Debug */,
				48C3B2E82477A979005779B6 /* Release */,
			);
			defaultConfigurationIsVisible = 0;
			defaultConfigurationName = Release;
		};
/* End XCConfigurationList section */

/* Begin XCVersionGroup section */
		48C3B2DB2477A978005779B6 /* slider.xcdatamodeld */ = {
			isa = XCVersionGroup;
			children = (
				48C3B2DC2477A978005779B6 /* slider.xcdatamodel */,
			);
			currentVersion = 48C3B2DC2477A978005779B6 /* slider.xcdatamodel */;
			path = slider.xcdatamodeld;
			sourceTree = "<group>";
			versionGroupType = wrapper.xcdatamodel;
		};
/* End XCVersionGroup section */
	};
	rootObject = 48C3B2C72477A978005779B6 /* Project object */;
}
